
Microsoft Visual Studio Solution File, Format Version 12.00
# Visual Studio Version 16
VisualStudioVersion = 16.0.30011.22
MinimumVisualStudioVersion = 10.0.40219.1
Project("{FAE04EC0-301F-11D3-BF4B-00C04F79EFBC}") = "ToysShop", "ToysShop.csproj", "{A05480B6-D251-4F9D-8F01-04D6B55CE092}"
EndProject
Global
	GlobalSection(SolutionConfigurationPlatforms) = preSolution
		Debug|Any CPU = Debug|Any CPU
		Release|Any CPU = Release|Any CPU
	EndGlobalSection
	GlobalSection(ProjectConfigurationPlatforms) = postSolution
		{A05480B6-D251-4F9D-8F01-04D6B55CE092}.Debug|Any CPU.ActiveCfg = Debug|Any CPU
		{A05480B6-D251-4F9D-8F01-04D6B55CE092}.Debug|Any CPU.Build.0 = Debug|Any CPU
		{A05480B6-D251-4F9D-8F01-04D6B55CE092}.Release|Any CPU.ActiveCfg = Release|Any CPU
		{A05480B6-D251-4F9D-8F01-04D6B55CE092}.Release|Any CPU.Build.0 = Release|Any CPU
	EndGlobalSection
	GlobalSection(SolutionProperties) = preSolution
		HideSolutionNode = FALSE
	EndGlobalSection
	GlobalSection(ExtensibilityGlobals) = postSolution
		SolutionGuid = {DD8F7815-3FA7-48D5-862A-80DD0A9BED40}
	EndGlobalSection
EndGlobal
